// !$*UTF8*$!
{
	archiveVersion = 1;
	classes = {
	};
	objectVersion = 55;
	objects = {

/* Begin PBXBuildFile section */
		8E0CDC7529031C12000F8D0A /* AppDelegate.swift in Sources */ = {isa = PBXBuildFile; fileRef = 8E0CDC7429031C12000F8D0A /* AppDelegate.swift */; };
		8E0CDC7729031C12000F8D0A /* SceneDelegate.swift in Sources */ = {isa = PBXBuildFile; fileRef = 8E0CDC7629031C12000F8D0A /* SceneDelegate.swift */; };
		8E0CDC7E29031C14000F8D0A /* Assets.xcassets in Resources */ = {isa = PBXBuildFile; fileRef = 8E0CDC7D29031C14000F8D0A /* Assets.xcassets */; };
		8E0CDC8129031C14000F8D0A /* LaunchScreen.storyboard in Resources */ = {isa = PBXBuildFile; fileRef = 8E0CDC7F29031C14000F8D0A /* LaunchScreen.storyboard */; };
		8E0CDC8C29031C14000F8D0A /* PopularTVViewerTests.swift in Sources */ = {isa = PBXBuildFile; fileRef = 8E0CDC8B29031C14000F8D0A /* PopularTVViewerTests.swift */; };
		8E0CDC9629031C15000F8D0A /* PopularTVViewerUITests.swift in Sources */ = {isa = PBXBuildFile; fileRef = 8E0CDC9529031C15000F8D0A /* PopularTVViewerUITests.swift */; };
		8E0CDC9829031C15000F8D0A /* PopularTVViewerUITestsLaunchTests.swift in Sources */ = {isa = PBXBuildFile; fileRef = 8E0CDC9729031C15000F8D0A /* PopularTVViewerUITestsLaunchTests.swift */; };
		8E0CDCA62903480F000F8D0A /* PopularTVManager.swift in Sources */ = {isa = PBXBuildFile; fileRef = 8E0CDCA52903480F000F8D0A /* PopularTVManager.swift */; };
		8E0CDCA82903482C000F8D0A /* PopularTVDetailsManager.swift in Sources */ = {isa = PBXBuildFile; fileRef = 8E0CDCA72903482C000F8D0A /* PopularTVDetailsManager.swift */; };
		8E0CDCAA29034881000F8D0A /* NetworkError.swift in Sources */ = {isa = PBXBuildFile; fileRef = 8E0CDCA929034881000F8D0A /* NetworkError.swift */; };
		8E0CDCAD290348E3000F8D0A /* PopularTV.swift in Sources */ = {isa = PBXBuildFile; fileRef = 8E0CDCAC290348E3000F8D0A /* PopularTV.swift */; };
		8E0CDCB2290349B1000F8D0A /* PopularTVCell.swift in Sources */ = {isa = PBXBuildFile; fileRef = 8E0CDCB1290349B1000F8D0A /* PopularTVCell.swift */; };
		8E0CDCB529034A26000F8D0A /* PosterImage.swift in Sources */ = {isa = PBXBuildFile; fileRef = 8E0CDCB429034A26000F8D0A /* PosterImage.swift */; };
		8E0CDCB729034A7F000F8D0A /* PosterImageManager.swift in Sources */ = {isa = PBXBuildFile; fileRef = 8E0CDCB629034A7F000F8D0A /* PosterImageManager.swift */; };
		8E0CDCB929034A93000F8D0A /* PopularTVDetails.swift in Sources */ = {isa = PBXBuildFile; fileRef = 8E0CDCB829034A93000F8D0A /* PopularTVDetails.swift */; };
		8E0CDCBD29034B83000F8D0A /* PopularTVViewController.swift in Sources */ = {isa = PBXBuildFile; fileRef = 8E0CDCBC29034B83000F8D0A /* PopularTVViewController.swift */; };
		8E0CDCC129034BF9000F8D0A /* PopularTVDetailsViewController.swift in Sources */ = {isa = PBXBuildFile; fileRef = 8E0CDCC029034BF9000F8D0A /* PopularTVDetailsViewController.swift */; };
		8E400F2E2903992C00B90686 /* PTNameCell.swift in Sources */ = {isa = PBXBuildFile; fileRef = 8E400F2D2903992C00B90686 /* PTNameCell.swift */; };
		8E400F3029045BAD00B90686 /* Coordinator.swift in Sources */ = {isa = PBXBuildFile; fileRef = 8E400F2F29045BAD00B90686 /* Coordinator.swift */; };
		8E400F3229045C0200B90686 /* ApplicationCoordinator.swift in Sources */ = {isa = PBXBuildFile; fileRef = 8E400F3129045C0200B90686 /* ApplicationCoordinator.swift */; };
		8E400F3429045CBE00B90686 /* PopularTVView.swift in Sources */ = {isa = PBXBuildFile; fileRef = 8E400F3329045CBE00B90686 /* PopularTVView.swift */; };
		8E400F3629045DFC00B90686 /* PopularTVDetailsView.swift in Sources */ = {isa = PBXBuildFile; fileRef = 8E400F3529045DFC00B90686 /* PopularTVDetailsView.swift */; };
		8E400F3A29045E7100B90686 /* OnboardingCoordinator.swift in Sources */ = {isa = PBXBuildFile; fileRef = 8E400F3929045E7100B90686 /* OnboardingCoordinator.swift */; };
		8E400F3C29045EC700B90686 /* OnboardingView.swift in Sources */ = {isa = PBXBuildFile; fileRef = 8E400F3B29045EC700B90686 /* OnboardingView.swift */; };
		8E400F3E2904876000B90686 /* PopularTVViewModel.swift in Sources */ = {isa = PBXBuildFile; fileRef = 8E400F3D2904876000B90686 /* PopularTVViewModel.swift */; };
		8E400F4029048D8C00B90686 /* EmptyCell.swift in Sources */ = {isa = PBXBuildFile; fileRef = 8E400F3F29048D8C00B90686 /* EmptyCell.swift */; };
		8E400F422904BDA200B90686 /* PopularTVDetailsViewModel.swift in Sources */ = {isa = PBXBuildFile; fileRef = 8E400F412904BDA200B90686 /* PopularTVDetailsViewModel.swift */; };
		8E400F462904ECAB00B90686 /* PTTitleLabel.swift in Sources */ = {isa = PBXBuildFile; fileRef = 8E400F452904ECAB00B90686 /* PTTitleLabel.swift */; };
		8E400F482904ECC700B90686 /* PTSubtitleLabel.swift in Sources */ = {isa = PBXBuildFile; fileRef = 8E400F472904ECC700B90686 /* PTSubtitleLabel.swift */; };
		8E400F4A2904EE7C00B90686 /* PTBodyLabel.swift in Sources */ = {isa = PBXBuildFile; fileRef = 8E400F492904EE7C00B90686 /* PTBodyLabel.swift */; };
		8EBAEE552903944E00CD6A03 /* PTSegmentedView.swift in Sources */ = {isa = PBXBuildFile; fileRef = 8EBAEE542903944E00CD6A03 /* PTSegmentedView.swift */; };
/* End PBXBuildFile section */

/* Begin PBXContainerItemProxy section */
		8E0CDC8829031C14000F8D0A /* PBXContainerItemProxy */ = {
			isa = PBXContainerItemProxy;
			containerPortal = 8E0CDC6929031C12000F8D0A /* Project object */;
			proxyType = 1;
			remoteGlobalIDString = 8E0CDC7029031C12000F8D0A;
			remoteInfo = PopularTVViewer;
		};
		8E0CDC9229031C15000F8D0A /* PBXContainerItemProxy */ = {
			isa = PBXContainerItemProxy;
			containerPortal = 8E0CDC6929031C12000F8D0A /* Project object */;
			proxyType = 1;
			remoteGlobalIDString = 8E0CDC7029031C12000F8D0A;
			remoteInfo = PopularTVViewer;
		};
/* End PBXContainerItemProxy section */

/* Begin PBXFileReference section */
		8E0CDC7129031C12000F8D0A /* PopularTVViewer.app */ = {isa = PBXFileReference; explicitFileType = wrapper.application; includeInIndex = 0; path = PopularTVViewer.app; sourceTree = BUILT_PRODUCTS_DIR; };
		8E0CDC7429031C12000F8D0A /* AppDelegate.swift */ = {isa = PBXFileReference; lastKnownFileType = sourcecode.swift; path = AppDelegate.swift; sourceTree = "<group>"; };
		8E0CDC7629031C12000F8D0A /* SceneDelegate.swift */ = {isa = PBXFileReference; lastKnownFileType = sourcecode.swift; path = SceneDelegate.swift; sourceTree = "<group>"; };
		8E0CDC7D29031C14000F8D0A /* Assets.xcassets */ = {isa = PBXFileReference; lastKnownFileType = folder.assetcatalog; path = Assets.xcassets; sourceTree = "<group>"; };
		8E0CDC8029031C14000F8D0A /* Base */ = {isa = PBXFileReference; lastKnownFileType = file.storyboard; name = Base; path = Base.lproj/LaunchScreen.storyboard; sourceTree = "<group>"; };
		8E0CDC8229031C14000F8D0A /* Info.plist */ = {isa = PBXFileReference; lastKnownFileType = text.plist.xml; path = Info.plist; sourceTree = "<group>"; };
		8E0CDC8729031C14000F8D0A /* PopularTVViewerTests.xctest */ = {isa = PBXFileReference; explicitFileType = wrapper.cfbundle; includeInIndex = 0; path = PopularTVViewerTests.xctest; sourceTree = BUILT_PRODUCTS_DIR; };
		8E0CDC8B29031C14000F8D0A /* PopularTVViewerTests.swift */ = {isa = PBXFileReference; lastKnownFileType = sourcecode.swift; path = PopularTVViewerTests.swift; sourceTree = "<group>"; };
		8E0CDC9129031C15000F8D0A /* PopularTVViewerUITests.xctest */ = {isa = PBXFileReference; explicitFileType = wrapper.cfbundle; includeInIndex = 0; path = PopularTVViewerUITests.xctest; sourceTree = BUILT_PRODUCTS_DIR; };
		8E0CDC9529031C15000F8D0A /* PopularTVViewerUITests.swift */ = {isa = PBXFileReference; lastKnownFileType = sourcecode.swift; path = PopularTVViewerUITests.swift; sourceTree = "<group>"; };
		8E0CDC9729031C15000F8D0A /* PopularTVViewerUITestsLaunchTests.swift */ = {isa = PBXFileReference; lastKnownFileType = sourcecode.swift; path = PopularTVViewerUITestsLaunchTests.swift; sourceTree = "<group>"; };
		8E0CDCA52903480F000F8D0A /* PopularTVManager.swift */ = {isa = PBXFileReference; lastKnownFileType = sourcecode.swift; path = PopularTVManager.swift; sourceTree = "<group>"; };
		8E0CDCA72903482C000F8D0A /* PopularTVDetailsManager.swift */ = {isa = PBXFileReference; lastKnownFileType = sourcecode.swift; path = PopularTVDetailsManager.swift; sourceTree = "<group>"; };
		8E0CDCA929034881000F8D0A /* NetworkError.swift */ = {isa = PBXFileReference; lastKnownFileType = sourcecode.swift; path = NetworkError.swift; sourceTree = "<group>"; };
		8E0CDCAC290348E3000F8D0A /* PopularTV.swift */ = {isa = PBXFileReference; lastKnownFileType = sourcecode.swift; path = PopularTV.swift; sourceTree = "<group>"; };
		8E0CDCB1290349B1000F8D0A /* PopularTVCell.swift */ = {isa = PBXFileReference; lastKnownFileType = sourcecode.swift; path = PopularTVCell.swift; sourceTree = "<group>"; };
		8E0CDCB429034A26000F8D0A /* PosterImage.swift */ = {isa = PBXFileReference; lastKnownFileType = sourcecode.swift; path = PosterImage.swift; sourceTree = "<group>"; };
		8E0CDCB629034A7F000F8D0A /* PosterImageManager.swift */ = {isa = PBXFileReference; lastKnownFileType = sourcecode.swift; path = PosterImageManager.swift; sourceTree = "<group>"; };
		8E0CDCB829034A93000F8D0A /* PopularTVDetails.swift */ = {isa = PBXFileReference; lastKnownFileType = sourcecode.swift; path = PopularTVDetails.swift; sourceTree = "<group>"; };
		8E0CDCBC29034B83000F8D0A /* PopularTVViewController.swift */ = {isa = PBXFileReference; lastKnownFileType = sourcecode.swift; path = PopularTVViewController.swift; sourceTree = "<group>"; };
		8E0CDCC029034BF9000F8D0A /* PopularTVDetailsViewController.swift */ = {isa = PBXFileReference; lastKnownFileType = sourcecode.swift; path = PopularTVDetailsViewController.swift; sourceTree = "<group>"; };
		8E400F2D2903992C00B90686 /* PTNameCell.swift */ = {isa = PBXFileReference; lastKnownFileType = sourcecode.swift; path = PTNameCell.swift; sourceTree = "<group>"; };
		8E400F2F29045BAD00B90686 /* Coordinator.swift */ = {isa = PBXFileReference; lastKnownFileType = sourcecode.swift; path = Coordinator.swift; sourceTree = "<group>"; };
		8E400F3129045C0200B90686 /* ApplicationCoordinator.swift */ = {isa = PBXFileReference; lastKnownFileType = sourcecode.swift; path = ApplicationCoordinator.swift; sourceTree = "<group>"; };
		8E400F3329045CBE00B90686 /* PopularTVView.swift */ = {isa = PBXFileReference; lastKnownFileType = sourcecode.swift; path = PopularTVView.swift; sourceTree = "<group>"; };
		8E400F3529045DFC00B90686 /* PopularTVDetailsView.swift */ = {isa = PBXFileReference; lastKnownFileType = sourcecode.swift; path = PopularTVDetailsView.swift; sourceTree = "<group>"; };
		8E400F3929045E7100B90686 /* OnboardingCoordinator.swift */ = {isa = PBXFileReference; lastKnownFileType = sourcecode.swift; path = OnboardingCoordinator.swift; sourceTree = "<group>"; };
		8E400F3B29045EC700B90686 /* OnboardingView.swift */ = {isa = PBXFileReference; lastKnownFileType = sourcecode.swift; path = OnboardingView.swift; sourceTree = "<group>"; };
		8E400F3D2904876000B90686 /* PopularTVViewModel.swift */ = {isa = PBXFileReference; lastKnownFileType = sourcecode.swift; path = PopularTVViewModel.swift; sourceTree = "<group>"; };
		8E400F3F29048D8C00B90686 /* EmptyCell.swift */ = {isa = PBXFileReference; lastKnownFileType = sourcecode.swift; path = EmptyCell.swift; sourceTree = "<group>"; };
		8E400F412904BDA200B90686 /* PopularTVDetailsViewModel.swift */ = {isa = PBXFileReference; lastKnownFileType = sourcecode.swift; path = PopularTVDetailsViewModel.swift; sourceTree = "<group>"; };
		8E400F452904ECAB00B90686 /* PTTitleLabel.swift */ = {isa = PBXFileReference; lastKnownFileType = sourcecode.swift; path = PTTitleLabel.swift; sourceTree = "<group>"; };
		8E400F472904ECC700B90686 /* PTSubtitleLabel.swift */ = {isa = PBXFileReference; lastKnownFileType = sourcecode.swift; path = PTSubtitleLabel.swift; sourceTree = "<group>"; };
		8E400F492904EE7C00B90686 /* PTBodyLabel.swift */ = {isa = PBXFileReference; lastKnownFileType = sourcecode.swift; path = PTBodyLabel.swift; sourceTree = "<group>"; };
		8EBAEE542903944E00CD6A03 /* PTSegmentedView.swift */ = {isa = PBXFileReference; lastKnownFileType = sourcecode.swift; path = PTSegmentedView.swift; sourceTree = "<group>"; };
/* End PBXFileReference section */

/* Begin PBXFrameworksBuildPhase section */
		8E0CDC6E29031C12000F8D0A /* Frameworks */ = {
			isa = PBXFrameworksBuildPhase;
			buildActionMask = 2147483647;
			files = (
			);
			runOnlyForDeploymentPostprocessing = 0;
		};
		8E0CDC8429031C14000F8D0A /* Frameworks */ = {
			isa = PBXFrameworksBuildPhase;
			buildActionMask = 2147483647;
			files = (
			);
			runOnlyForDeploymentPostprocessing = 0;
		};
		8E0CDC8E29031C15000F8D0A /* Frameworks */ = {
			isa = PBXFrameworksBuildPhase;
			buildActionMask = 2147483647;
			files = (
			);
			runOnlyForDeploymentPostprocessing = 0;
		};
/* End PBXFrameworksBuildPhase section */

/* Begin PBXGroup section */
		8E0CDC6829031C12000F8D0A = {
			isa = PBXGroup;
			children = (
				8E0CDC7329031C12000F8D0A /* PopularTVViewer */,
				8E0CDC8A29031C14000F8D0A /* PopularTVViewerTests */,
				8E0CDC9429031C15000F8D0A /* PopularTVViewerUITests */,
				8E0CDC7229031C12000F8D0A /* Products */,
			);
			sourceTree = "<group>";
		};
		8E0CDC7229031C12000F8D0A /* Products */ = {
			isa = PBXGroup;
			children = (
				8E0CDC7129031C12000F8D0A /* PopularTVViewer.app */,
				8E0CDC8729031C14000F8D0A /* PopularTVViewerTests.xctest */,
				8E0CDC9129031C15000F8D0A /* PopularTVViewerUITests.xctest */,
			);
			name = Products;
			sourceTree = "<group>";
		};
		8E0CDC7329031C12000F8D0A /* PopularTVViewer */ = {
			isa = PBXGroup;
			children = (
				8E0CDCA4290347DD000F8D0A /* NetworkManagers */,
				8E0CDCAB290348D7000F8D0A /* Models */,
				8E0CDCBB29034AEE000F8D0A /* Protocols */,
				8E0CDCBA29034ABF000F8D0A /* Screens */,
				8E0CDCAF29034990000F8D0A /* Custom Views */,
				8E0CDC7429031C12000F8D0A /* AppDelegate.swift */,
				8E0CDC7629031C12000F8D0A /* SceneDelegate.swift */,
				8E0CDC7D29031C14000F8D0A /* Assets.xcassets */,
				8E0CDC7F29031C14000F8D0A /* LaunchScreen.storyboard */,
				8E0CDC8229031C14000F8D0A /* Info.plist */,
				8E0CDCAE29034979000F8D0A /* Utilities */,
			);
			path = PopularTVViewer;
			sourceTree = "<group>";
		};
		8E0CDC8A29031C14000F8D0A /* PopularTVViewerTests */ = {
			isa = PBXGroup;
			children = (
				8E0CDC8B29031C14000F8D0A /* PopularTVViewerTests.swift */,
			);
			path = PopularTVViewerTests;
			sourceTree = "<group>";
		};
		8E0CDC9429031C15000F8D0A /* PopularTVViewerUITests */ = {
			isa = PBXGroup;
			children = (
				8E0CDC9529031C15000F8D0A /* PopularTVViewerUITests.swift */,
				8E0CDC9729031C15000F8D0A /* PopularTVViewerUITestsLaunchTests.swift */,
			);
			path = PopularTVViewerUITests;
			sourceTree = "<group>";
		};
		8E0CDCA4290347DD000F8D0A /* NetworkManagers */ = {
			isa = PBXGroup;
			children = (
				8E0CDCA52903480F000F8D0A /* PopularTVManager.swift */,
				8E0CDCA72903482C000F8D0A /* PopularTVDetailsManager.swift */,
				8E0CDCB629034A7F000F8D0A /* PosterImageManager.swift */,
			);
			path = NetworkManagers;
			sourceTree = "<group>";
		};
		8E0CDCAB290348D7000F8D0A /* Models */ = {
			isa = PBXGroup;
			children = (
				8E0CDCAC290348E3000F8D0A /* PopularTV.swift */,
				8E0CDCB829034A93000F8D0A /* PopularTVDetails.swift */,
			);
			path = Models;
			sourceTree = "<group>";
		};
		8E0CDCAE29034979000F8D0A /* Utilities */ = {
			isa = PBXGroup;
			children = (
				8E0CDCA929034881000F8D0A /* NetworkError.swift */,
			);
			path = Utilities;
			sourceTree = "<group>";
		};
		8E0CDCAF29034990000F8D0A /* Custom Views */ = {
			isa = PBXGroup;
			children = (
				8E400F442904D2F000B90686 /* SegmentedView */,
				8E400F432904D2EA00B90686 /* Labels */,
				8E0CDCB3290349E3000F8D0A /* Images */,
				8E0CDCB02903499C000F8D0A /* Cells */,
			);
			path = "Custom Views";
			sourceTree = "<group>";
		};
		8E0CDCB02903499C000F8D0A /* Cells */ = {
			isa = PBXGroup;
			children = (
				8E0CDCB1290349B1000F8D0A /* PopularTVCell.swift */,
				8E400F2D2903992C00B90686 /* PTNameCell.swift */,
				8E400F3F29048D8C00B90686 /* EmptyCell.swift */,
			);
			path = Cells;
			sourceTree = "<group>";
		};
		8E0CDCB3290349E3000F8D0A /* Images */ = {
			isa = PBXGroup;
			children = (
				8E0CDCB429034A26000F8D0A /* PosterImage.swift */,
			);
			path = Images;
			sourceTree = "<group>";
		};
		8E0CDCBA29034ABF000F8D0A /* Screens */ = {
			isa = PBXGroup;
			children = (
				8E400F3829045E5300B90686 /* Coordinators */,
				8E400F3729045E2E00B90686 /* Onboarding */,
				8E0CDCBE29034BA4000F8D0A /* PopularTV */,
				8E0CDCBF29034BB0000F8D0A /* PopularTVDetails */,
			);
			path = Screens;
			sourceTree = "<group>";
		};
		8E0CDCBB29034AEE000F8D0A /* Protocols */ = {
			isa = PBXGroup;
			children = (
				8E400F2F29045BAD00B90686 /* Coordinator.swift */,
			);
			path = Protocols;
			sourceTree = "<group>";
		};
		8E0CDCBE29034BA4000F8D0A /* PopularTV */ = {
			isa = PBXGroup;
			children = (
				8E0CDCBC29034B83000F8D0A /* PopularTVViewController.swift */,
				8E400F3329045CBE00B90686 /* PopularTVView.swift */,
				8E400F3D2904876000B90686 /* PopularTVViewModel.swift */,
			);
			path = PopularTV;
			sourceTree = "<group>";
		};
		8E0CDCBF29034BB0000F8D0A /* PopularTVDetails */ = {
			isa = PBXGroup;
			children = (
				8E0CDCC029034BF9000F8D0A /* PopularTVDetailsViewController.swift */,
				8E400F3529045DFC00B90686 /* PopularTVDetailsView.swift */,
				8E400F412904BDA200B90686 /* PopularTVDetailsViewModel.swift */,
			);
			path = PopularTVDetails;
			sourceTree = "<group>";
		};
		8E400F3729045E2E00B90686 /* Onboarding */ = {
			isa = PBXGroup;
			children = (
				8E400F3B29045EC700B90686 /* OnboardingView.swift */,
			);
			path = Onboarding;
			sourceTree = "<group>";
		};
		8E400F3829045E5300B90686 /* Coordinators */ = {
			isa = PBXGroup;
			children = (
				8E400F3129045C0200B90686 /* ApplicationCoordinator.swift */,
				8E400F3929045E7100B90686 /* OnboardingCoordinator.swift */,
			);
			path = Coordinators;
			sourceTree = "<group>";
		};
		8E400F432904D2EA00B90686 /* Labels */ = {
			isa = PBXGroup;
			children = (
				8E400F452904ECAB00B90686 /* PTTitleLabel.swift */,
				8E400F472904ECC700B90686 /* PTSubtitleLabel.swift */,
				8E400F492904EE7C00B90686 /* PTBodyLabel.swift */,
			);
			path = Labels;
			sourceTree = "<group>";
		};
		8E400F442904D2F000B90686 /* SegmentedView */ = {
			isa = PBXGroup;
			children = (
				8EBAEE542903944E00CD6A03 /* PTSegmentedView.swift */,
			);
			path = SegmentedView;
			sourceTree = "<group>";
		};
/* End PBXGroup section */

/* Begin PBXNativeTarget section */
		8E0CDC7029031C12000F8D0A /* PopularTVViewer */ = {
			isa = PBXNativeTarget;
			buildConfigurationList = 8E0CDC9B29031C15000F8D0A /* Build configuration list for PBXNativeTarget "PopularTVViewer" */;
			buildPhases = (
				8E0CDC6D29031C12000F8D0A /* Sources */,
				8E0CDC6E29031C12000F8D0A /* Frameworks */,
				8E0CDC6F29031C12000F8D0A /* Resources */,
			);
			buildRules = (
			);
			dependencies = (
			);
			name = PopularTVViewer;
			productName = PopularTVViewer;
			productReference = 8E0CDC7129031C12000F8D0A /* PopularTVViewer.app */;
			productType = "com.apple.product-type.application";
		};
		8E0CDC8629031C14000F8D0A /* PopularTVViewerTests */ = {
			isa = PBXNativeTarget;
			buildConfigurationList = 8E0CDC9E29031C15000F8D0A /* Build configuration list for PBXNativeTarget "PopularTVViewerTests" */;
			buildPhases = (
				8E0CDC8329031C14000F8D0A /* Sources */,
				8E0CDC8429031C14000F8D0A /* Frameworks */,
				8E0CDC8529031C14000F8D0A /* Resources */,
			);
			buildRules = (
			);
			dependencies = (
				8E0CDC8929031C14000F8D0A /* PBXTargetDependency */,
			);
			name = PopularTVViewerTests;
			productName = PopularTVViewerTests;
			productReference = 8E0CDC8729031C14000F8D0A /* PopularTVViewerTests.xctest */;
			productType = "com.apple.product-type.bundle.unit-test";
		};
		8E0CDC9029031C15000F8D0A /* PopularTVViewerUITests */ = {
			isa = PBXNativeTarget;
			buildConfigurationList = 8E0CDCA129031C15000F8D0A /* Build configuration list for PBXNativeTarget "PopularTVViewerUITests" */;
			buildPhases = (
				8E0CDC8D29031C15000F8D0A /* Sources */,
				8E0CDC8E29031C15000F8D0A /* Frameworks */,
				8E0CDC8F29031C15000F8D0A /* Resources */,
			);
			buildRules = (
			);
			dependencies = (
				8E0CDC9329031C15000F8D0A /* PBXTargetDependency */,
			);
			name = PopularTVViewerUITests;
			productName = PopularTVViewerUITests;
			productReference = 8E0CDC9129031C15000F8D0A /* PopularTVViewerUITests.xctest */;
			productType = "com.apple.product-type.bundle.ui-testing";
		};
/* End PBXNativeTarget section */

/* Begin PBXProject section */
		8E0CDC6929031C12000F8D0A /* Project object */ = {
			isa = PBXProject;
			attributes = {
				BuildIndependentTargetsInParallel = 1;
				LastSwiftUpdateCheck = 1330;
				LastUpgradeCheck = 1330;
				TargetAttributes = {
					8E0CDC7029031C12000F8D0A = {
						CreatedOnToolsVersion = 13.3.1;
					};
					8E0CDC8629031C14000F8D0A = {
						CreatedOnToolsVersion = 13.3.1;
						TestTargetID = 8E0CDC7029031C12000F8D0A;
					};
					8E0CDC9029031C15000F8D0A = {
						CreatedOnToolsVersion = 13.3.1;
						TestTargetID = 8E0CDC7029031C12000F8D0A;
					};
				};
			};
			buildConfigurationList = 8E0CDC6C29031C12000F8D0A /* Build configuration list for PBXProject "PopularTVViewer" */;
			compatibilityVersion = "Xcode 13.0";
			developmentRegion = en;
			hasScannedForEncodings = 0;
			knownRegions = (
				en,
				Base,
			);
			mainGroup = 8E0CDC6829031C12000F8D0A;
			productRefGroup = 8E0CDC7229031C12000F8D0A /* Products */;
			projectDirPath = "";
			projectRoot = "";
			targets = (
				8E0CDC7029031C12000F8D0A /* PopularTVViewer */,
				8E0CDC8629031C14000F8D0A /* PopularTVViewerTests */,
				8E0CDC9029031C15000F8D0A /* PopularTVViewerUITests */,
			);
		};
/* End PBXProject section */

/* Begin PBXResourcesBuildPhase section */
		8E0CDC6F29031C12000F8D0A /* Resources */ = {
			isa = PBXResourcesBuildPhase;
			buildActionMask = 2147483647;
			files = (
				8E0CDC8129031C14000F8D0A /* LaunchScreen.storyboard in Resources */,
				8E0CDC7E29031C14000F8D0A /* Assets.xcassets in Resources */,
			);
			runOnlyForDeploymentPostprocessing = 0;
		};
		8E0CDC8529031C14000F8D0A /* Resources */ = {
			isa = PBXResourcesBuildPhase;
			buildActionMask = 2147483647;
			files = (
			);
			runOnlyForDeploymentPostprocessing = 0;
		};
		8E0CDC8F29031C15000F8D0A /* Resources */ = {
			isa = PBXResourcesBuildPhase;
			buildActionMask = 2147483647;
			files = (
			);
			runOnlyForDeploymentPostprocessing = 0;
		};
/* End PBXResourcesBuildPhase section */

/* Begin PBXSourcesBuildPhase section */
		8E0CDC6D29031C12000F8D0A /* Sources */ = {
			isa = PBXSourcesBuildPhase;
			buildActionMask = 2147483647;
			files = (
				8E400F3E2904876000B90686 /* PopularTVViewModel.swift in Sources */,
				8E0CDCAD290348E3000F8D0A /* PopularTV.swift in Sources */,
				8E0CDCB729034A7F000F8D0A /* PosterImageManager.swift in Sources */,
				8E400F3029045BAD00B90686 /* Coordinator.swift in Sources */,
				8E0CDCA62903480F000F8D0A /* PopularTVManager.swift in Sources */,
				8E0CDCA82903482C000F8D0A /* PopularTVDetailsManager.swift in Sources */,
				8E400F3629045DFC00B90686 /* PopularTVDetailsView.swift in Sources */,
				8E0CDCBD29034B83000F8D0A /* PopularTVViewController.swift in Sources */,
				8E0CDCC129034BF9000F8D0A /* PopularTVDetailsViewController.swift in Sources */,
				8E0CDCB2290349B1000F8D0A /* PopularTVCell.swift in Sources */,
				8E0CDCB529034A26000F8D0A /* PosterImage.swift in Sources */,
				8E400F462904ECAB00B90686 /* PTTitleLabel.swift in Sources */,
				8E400F482904ECC700B90686 /* PTSubtitleLabel.swift in Sources */,
				8E400F2E2903992C00B90686 /* PTNameCell.swift in Sources */,
				8E0CDCAA29034881000F8D0A /* NetworkError.swift in Sources */,
				8E400F3A29045E7100B90686 /* OnboardingCoordinator.swift in Sources */,
				8E400F422904BDA200B90686 /* PopularTVDetailsViewModel.swift in Sources */,
				8E400F3C29045EC700B90686 /* OnboardingView.swift in Sources */,
				8E400F3429045CBE00B90686 /* PopularTVView.swift in Sources */,
				8E0CDC7529031C12000F8D0A /* AppDelegate.swift in Sources */,
				8E400F4029048D8C00B90686 /* EmptyCell.swift in Sources */,
				8E0CDC7729031C12000F8D0A /* SceneDelegate.swift in Sources */,
				8EBAEE552903944E00CD6A03 /* PTSegmentedView.swift in Sources */,
				8E0CDCB929034A93000F8D0A /* PopularTVDetails.swift in Sources */,
				8E400F4A2904EE7C00B90686 /* PTBodyLabel.swift in Sources */,
				8E400F3229045C0200B90686 /* ApplicationCoordinator.swift in Sources */,
			);
			runOnlyForDeploymentPostprocessing = 0;
		};
		8E0CDC8329031C14000F8D0A /* Sources */ = {
			isa = PBXSourcesBuildPhase;
			buildActionMask = 2147483647;
			files = (
				8E0CDC8C29031C14000F8D0A /* PopularTVViewerTests.swift in Sources */,
			);
			runOnlyForDeploymentPostprocessing = 0;
		};
		8E0CDC8D29031C15000F8D0A /* Sources */ = {
			isa = PBXSourcesBuildPhase;
			buildActionMask = 2147483647;
			files = (
				8E0CDC9829031C15000F8D0A /* PopularTVViewerUITestsLaunchTests.swift in Sources */,
				8E0CDC9629031C15000F8D0A /* PopularTVViewerUITests.swift in Sources */,
			);
			runOnlyForDeploymentPostprocessing = 0;
		};
/* End PBXSourcesBuildPhase section */

/* Begin PBXTargetDependency section */
		8E0CDC8929031C14000F8D0A /* PBXTargetDependency */ = {
			isa = PBXTargetDependency;
			target = 8E0CDC7029031C12000F8D0A /* PopularTVViewer */;
			targetProxy = 8E0CDC8829031C14000F8D0A /* PBXContainerItemProxy */;
		};
		8E0CDC9329031C15000F8D0A /* PBXTargetDependency */ = {
			isa = PBXTargetDependency;
			target = 8E0CDC7029031C12000F8D0A /* PopularTVViewer */;
			targetProxy = 8E0CDC9229031C15000F8D0A /* PBXContainerItemProxy */;
		};
/* End PBXTargetDependency section */

/* Begin PBXVariantGroup section */
		8E0CDC7F29031C14000F8D0A /* LaunchScreen.storyboard */ = {
			isa = PBXVariantGroup;
			children = (
				8E0CDC8029031C14000F8D0A /* Base */,
			);
			name = LaunchScreen.storyboard;
			sourceTree = "<group>";
		};
/* End PBXVariantGroup section */

/* Begin XCBuildConfiguration section */
		8E0CDC9929031C15000F8D0A /* Debug */ = {
			isa = XCBuildConfiguration;
			buildSettings = {
				ALWAYS_SEARCH_USER_PATHS = NO;
				CLANG_ANALYZER_NONNULL = YES;
				CLANG_ANALYZER_NUMBER_OBJECT_CONVERSION = YES_AGGRESSIVE;
				CLANG_CXX_LANGUAGE_STANDARD = "gnu++17";
				CLANG_ENABLE_MODULES = YES;
				CLANG_ENABLE_OBJC_ARC = YES;
				CLANG_ENABLE_OBJC_WEAK = YES;
				CLANG_WARN_BLOCK_CAPTURE_AUTORELEASING = YES;
				CLANG_WARN_BOOL_CONVERSION = YES;
				CLANG_WARN_COMMA = YES;
				CLANG_WARN_CONSTANT_CONVERSION = YES;
				CLANG_WARN_DEPRECATED_OBJC_IMPLEMENTATIONS = YES;
				CLANG_WARN_DIRECT_OBJC_ISA_USAGE = YES_ERROR;
				CLANG_WARN_DOCUMENTATION_COMMENTS = YES;
				CLANG_WARN_EMPTY_BODY = YES;
				CLANG_WARN_ENUM_CONVERSION = YES;
				CLANG_WARN_INFINITE_RECURSION = YES;
				CLANG_WARN_INT_CONVERSION = YES;
				CLANG_WARN_NON_LITERAL_NULL_CONVERSION = YES;
				CLANG_WARN_OBJC_IMPLICIT_RETAIN_SELF = YES;
				CLANG_WARN_OBJC_LITERAL_CONVERSION = YES;
				CLANG_WARN_OBJC_ROOT_CLASS = YES_ERROR;
				CLANG_WARN_QUOTED_INCLUDE_IN_FRAMEWORK_HEADER = YES;
				CLANG_WARN_RANGE_LOOP_ANALYSIS = YES;
				CLANG_WARN_STRICT_PROTOTYPES = YES;
				CLANG_WARN_SUSPICIOUS_MOVE = YES;
				CLANG_WARN_UNGUARDED_AVAILABILITY = YES_AGGRESSIVE;
				CLANG_WARN_UNREACHABLE_CODE = YES;
				CLANG_WARN__DUPLICATE_METHOD_MATCH = YES;
				COPY_PHASE_STRIP = NO;
				DEBUG_INFORMATION_FORMAT = dwarf;
				ENABLE_STRICT_OBJC_MSGSEND = YES;
				ENABLE_TESTABILITY = YES;
				GCC_C_LANGUAGE_STANDARD = gnu11;
				GCC_DYNAMIC_NO_PIC = NO;
				GCC_NO_COMMON_BLOCKS = YES;
				GCC_OPTIMIZATION_LEVEL = 0;
				GCC_PREPROCESSOR_DEFINITIONS = (
					"DEBUG=1",
					"$(inherited)",
				);
				GCC_WARN_64_TO_32_BIT_CONVERSION = YES;
				GCC_WARN_ABOUT_RETURN_TYPE = YES_ERROR;
				GCC_WARN_UNDECLARED_SELECTOR = YES;
				GCC_WARN_UNINITIALIZED_AUTOS = YES_AGGRESSIVE;
				GCC_WARN_UNUSED_FUNCTION = YES;
				GCC_WARN_UNUSED_VARIABLE = YES;
				IPHONEOS_DEPLOYMENT_TARGET = 15.4;
				MTL_ENABLE_DEBUG_INFO = INCLUDE_SOURCE;
				MTL_FAST_MATH = YES;
				ONLY_ACTIVE_ARCH = YES;
				SDKROOT = iphoneos;
				SWIFT_ACTIVE_COMPILATION_CONDITIONS = DEBUG;
				SWIFT_OPTIMIZATION_LEVEL = "-Onone";
			};
			name = Debug;
		};
		8E0CDC9A29031C15000F8D0A /* Release */ = {
			isa = XCBuildConfiguration;
			buildSettings = {
				ALWAYS_SEARCH_USER_PATHS = NO;
				CLANG_ANALYZER_NONNULL = YES;
				CLANG_ANALYZER_NUMBER_OBJECT_CONVERSION = YES_AGGRESSIVE;
				CLANG_CXX_LANGUAGE_STANDARD = "gnu++17";
				CLANG_ENABLE_MODULES = YES;
				CLANG_ENABLE_OBJC_ARC = YES;
				CLANG_ENABLE_OBJC_WEAK = YES;
				CLANG_WARN_BLOCK_CAPTURE_AUTORELEASING = YES;
				CLANG_WARN_BOOL_CONVERSION = YES;
				CLANG_WARN_COMMA = YES;
				CLANG_WARN_CONSTANT_CONVERSION = YES;
				CLANG_WARN_DEPRECATED_OBJC_IMPLEMENTATIONS = YES;
				CLANG_WARN_DIRECT_OBJC_ISA_USAGE = YES_ERROR;
				CLANG_WARN_DOCUMENTATION_COMMENTS = YES;
				CLANG_WARN_EMPTY_BODY = YES;
				CLANG_WARN_ENUM_CONVERSION = YES;
				CLANG_WARN_INFINITE_RECURSION = YES;
				CLANG_WARN_INT_CONVERSION = YES;
				CLANG_WARN_NON_LITERAL_NULL_CONVERSION = YES;
				CLANG_WARN_OBJC_IMPLICIT_RETAIN_SELF = YES;
				CLANG_WARN_OBJC_LITERAL_CONVERSION = YES;
				CLANG_WARN_OBJC_ROOT_CLASS = YES_ERROR;
				CLANG_WARN_QUOTED_INCLUDE_IN_FRAMEWORK_HEADER = YES;
				CLANG_WARN_RANGE_LOOP_ANALYSIS = YES;
				CLANG_WARN_STRICT_PROTOTYPES = YES;
				CLANG_WARN_SUSPICIOUS_MOVE = YES;
				CLANG_WARN_UNGUARDED_AVAILABILITY = YES_AGGRESSIVE;
				CLANG_WARN_UNREACHABLE_CODE = YES;
				CLANG_WARN__DUPLICATE_METHOD_MATCH = YES;
				COPY_PHASE_STRIP = NO;
				DEBUG_INFORMATION_FORMAT = "dwarf-with-dsym";
				ENABLE_NS_ASSERTIONS = NO;
				ENABLE_STRICT_OBJC_MSGSEND = YES;
				GCC_C_LANGUAGE_STANDARD = gnu11;
				GCC_NO_COMMON_BLOCKS = YES;
				GCC_WARN_64_TO_32_BIT_CONVERSION = YES;
				GCC_WARN_ABOUT_RETURN_TYPE = YES_ERROR;
				GCC_WARN_UNDECLARED_SELECTOR = YES;
				GCC_WARN_UNINITIALIZED_AUTOS = YES_AGGRESSIVE;
				GCC_WARN_UNUSED_FUNCTION = YES;
				GCC_WARN_UNUSED_VARIABLE = YES;
				IPHONEOS_DEPLOYMENT_TARGET = 15.4;
				MTL_ENABLE_DEBUG_INFO = NO;
				MTL_FAST_MATH = YES;
				SDKROOT = iphoneos;
				SWIFT_COMPILATION_MODE = wholemodule;
				SWIFT_OPTIMIZATION_LEVEL = "-O";
				VALIDATE_PRODUCT = YES;
			};
			name = Release;
		};
		8E0CDC9C29031C15000F8D0A /* Debug */ = {
			isa = XCBuildConfiguration;
			buildSettings = {
				ASSETCATALOG_COMPILER_APPICON_NAME = AppIcon;
				ASSETCATALOG_COMPILER_GLOBAL_ACCENT_COLOR_NAME = AccentColor;
				CODE_SIGN_STYLE = Automatic;
				CURRENT_PROJECT_VERSION = 1;
				DEVELOPMENT_TEAM = 6DMEA6Z5ZU;
				GENERATE_INFOPLIST_FILE = YES;
				INFOPLIST_FILE = PopularTVViewer/Info.plist;
				INFOPLIST_KEY_UIApplicationSupportsIndirectInputEvents = YES;
				INFOPLIST_KEY_UILaunchStoryboardName = LaunchScreen;
				INFOPLIST_KEY_UISupportedInterfaceOrientations_iPad = "UIInterfaceOrientationPortrait UIInterfaceOrientationPortraitUpsideDown UIInterfaceOrientationLandscapeLeft UIInterfaceOrientationLandscapeRight";
				INFOPLIST_KEY_UISupportedInterfaceOrientations_iPhone = "UIInterfaceOrientationPortrait UIInterfaceOrientationLandscapeLeft UIInterfaceOrientationLandscapeRight";
				IPHONEOS_DEPLOYMENT_TARGET = 15.0;
				LD_RUNPATH_SEARCH_PATHS = (
					"$(inherited)",
					"@executable_path/Frameworks",
				);
				MARKETING_VERSION = 1.0;
				PRODUCT_BUNDLE_IDENTIFIER = com.typerdev.PopularTVViewer;
				PRODUCT_NAME = "$(TARGET_NAME)";
				SWIFT_EMIT_LOC_STRINGS = YES;
				SWIFT_VERSION = 5.0;
				TARGETED_DEVICE_FAMILY = 1;
			};
			name = Debug;
		};
		8E0CDC9D29031C15000F8D0A /* Release */ = {
			isa = XCBuildConfiguration;
			buildSettings = {
				ASSETCATALOG_COMPILER_APPICON_NAME = AppIcon;
				ASSETCATALOG_COMPILER_GLOBAL_ACCENT_COLOR_NAME = AccentColor;
				CODE_SIGN_STYLE = Automatic;
				CURRENT_PROJECT_VERSION = 1;
				DEVELOPMENT_TEAM = 6DMEA6Z5ZU;
				GENERATE_INFOPLIST_FILE = YES;
				INFOPLIST_FILE = PopularTVViewer/Info.plist;
				INFOPLIST_KEY_UIApplicationSupportsIndirectInputEvents = YES;
				INFOPLIST_KEY_UILaunchStoryboardName = LaunchScreen;
				INFOPLIST_KEY_UISupportedInterfaceOrientations_iPad = "UIInterfaceOrientationPortrait UIInterfaceOrientationPortraitUpsideDown UIInterfaceOrientationLandscapeLeft UIInterfaceOrientationLandscapeRight";
				INFOPLIST_KEY_UISupportedInterfaceOrientations_iPhone = "UIInterfaceOrientationPortrait UIInterfaceOrientationLandscapeLeft UIInterfaceOrientationLandscapeRight";
				IPHONEOS_DEPLOYMENT_TARGET = 15.0;
				LD_RUNPATH_SEARCH_PATHS = (
					"$(inherited)",
					"@executable_path/Frameworks",
				);
				MARKETING_VERSION = 1.0;
				PRODUCT_BUNDLE_IDENTIFIER = com.typerdev.PopularTVViewer;
				PRODUCT_NAME = "$(TARGET_NAME)";
				SWIFT_EMIT_LOC_STRINGS = YES;
				SWIFT_VERSION = 5.0;
				TARGETED_DEVICE_FAMILY = 1;
			};
			name = Release;
		};
		8E0CDC9F29031C15000F8D0A /* Debug */ = {
			isa = XCBuildConfiguration;
			buildSettings = {
				ALWAYS_EMBED_SWIFT_STANDARD_LIBRARIES = YES;
				BUNDLE_LOADER = "$(TEST_HOST)";
				CODE_SIGN_STYLE = Automatic;
				CURRENT_PROJECT_VERSION = 1;
				DEVELOPMENT_TEAM = 6DMEA6Z5ZU;
				GENERATE_INFOPLIST_FILE = YES;
				IPHONEOS_DEPLOYMENT_TARGET = 15.4;
				MARKETING_VERSION = 1.0;
				PRODUCT_BUNDLE_IDENTIFIER = com.typerdev.PopularTVViewerTests;
				PRODUCT_NAME = "$(TARGET_NAME)";
				SWIFT_EMIT_LOC_STRINGS = NO;
				SWIFT_VERSION = 5.0;
				TARGETED_DEVICE_FAMILY = "1,2";
				TEST_HOST = "$(BUILT_PRODUCTS_DIR)/PopularTVViewer.app/PopularTVViewer";
			};
			name = Debug;
		};
		8E0CDCA029031C15000F8D0A /* Release */ = {
			isa = XCBuildConfiguration;
			buildSettings = {
				ALWAYS_EMBED_SWIFT_STANDARD_LIBRARIES = YES;
				BUNDLE_LOADER = "$(TEST_HOST)";
				CODE_SIGN_STYLE = Automatic;
				CURRENT_PROJECT_VERSION = 1;
				DEVELOPMENT_TEAM = 6DMEA6Z5ZU;
				GENERATE_INFOPLIST_FILE = YES;
				IPHONEOS_DEPLOYMENT_TARGET = 15.4;
				MARKETING_VERSION = 1.0;
				PRODUCT_BUNDLE_IDENTIFIER = com.typerdev.PopularTVViewerTests;
				PRODUCT_NAME = "$(TARGET_NAME)";
				SWIFT_EMIT_LOC_STRINGS = NO;
				SWIFT_VERSION = 5.0;
				TARGETED_DEVICE_FAMILY = "1,2";
				TEST_HOST = "$(BUILT_PRODUCTS_DIR)/PopularTVViewer.app/PopularTVViewer";
			};
			name = Release;
		};
		8E0CDCA229031C15000F8D0A /* Debug */ = {
			isa = XCBuildConfiguration;
			buildSettings = {
				ALWAYS_EMBED_SWIFT_STANDARD_LIBRARIES = YES;
				CODE_SIGN_STYLE = Automatic;
				CURRENT_PROJECT_VERSION = 1;
				DEVELOPMENT_TEAM = 6DMEA6Z5ZU;
				GENERATE_INFOPLIST_FILE = YES;
				MARKETING_VERSION = 1.0;
				PRODUCT_BUNDLE_IDENTIFIER = com.typerdev.PopularTVViewerUITests;
				PRODUCT_NAME = "$(TARGET_NAME)";
				SWIFT_EMIT_LOC_STRINGS = NO;
				SWIFT_VERSION = 5.0;
				TARGETED_DEVICE_FAMILY = "1,2";
				TEST_TARGET_NAME = PopularTVViewer;
			};
			name = Debug;
		};
		8E0CDCA329031C15000F8D0A /* Release */ = {
			isa = XCBuildConfiguration;
			buildSettings = {
				ALWAYS_EMBED_SWIFT_STANDARD_LIBRARIES = YES;
				CODE_SIGN_STYLE = Automatic;
				CURRENT_PROJECT_VERSION = 1;
				DEVELOPMENT_TEAM = 6DMEA6Z5ZU;
				GENERATE_INFOPLIST_FILE = YES;
				MARKETING_VERSION = 1.0;
				PRODUCT_BUNDLE_IDENTIFIER = com.typerdev.PopularTVViewerUITests;
				PRODUCT_NAME = "$(TARGET_NAME)";
				SWIFT_EMIT_LOC_STRINGS = NO;
				SWIFT_VERSION = 5.0;
				TARGETED_DEVICE_FAMILY = "1,2";
				TEST_TARGET_NAME = PopularTVViewer;
			};
			name = Release;
		};
/* End XCBuildConfiguration section */

/* Begin XCConfigurationList section */
		8E0CDC6C29031C12000F8D0A /* Build configuration list for PBXProject "PopularTVViewer" */ = {
			isa = XCConfigurationList;
			buildConfigurations = (
				8E0CDC9929031C15000F8D0A /* Debug */,
				8E0CDC9A29031C15000F8D0A /* Release */,
			);
			defaultConfigurationIsVisible = 0;
			defaultConfigurationName = Release;
		};
		8E0CDC9B29031C15000F8D0A /* Build configuration list for PBXNativeTarget "PopularTVViewer" */ = {
			isa = XCConfigurationList;
			buildConfigurations = (
				8E0CDC9C29031C15000F8D0A /* Debug */,
				8E0CDC9D29031C15000F8D0A /* Release */,
			);
			defaultConfigurationIsVisible = 0;
			defaultConfigurationName = Release;
		};
		8E0CDC9E29031C15000F8D0A /* Build configuration list for PBXNativeTarget "PopularTVViewerTests" */ = {
			isa = XCConfigurationList;
			buildConfigurations = (
				8E0CDC9F29031C15000F8D0A /* Debug */,
				8E0CDCA029031C15000F8D0A /* Release */,
			);
			defaultConfigurationIsVisible = 0;
			defaultConfigurationName = Release;
		};
		8E0CDCA129031C15000F8D0A /* Build configuration list for PBXNativeTarget "PopularTVViewerUITests" */ = {
			isa = XCConfigurationList;
			buildConfigurations = (
				8E0CDCA229031C15000F8D0A /* Debug */,
				8E0CDCA329031C15000F8D0A /* Release */,
			);
			defaultConfigurationIsVisible = 0;
			defaultConfigurationName = Release;
		};
/* End XCConfigurationList section */
	};
	rootObject = 8E0CDC6929031C12000F8D0A /* Project object */;
}
